// !$*UTF8*$!
{
	archiveVersion = 1;
	classes = {
	};
	objectVersion = 77;
	objects = {

/* Begin PBXBuildFile section */
		2156A1942D46375B0070D23D /* HorizonCalendar in Frameworks */ = {isa = PBXBuildFile; productRef = 2156A1932D46375B0070D23D /* HorizonCalendar */; };
/* End PBXBuildFile section */

/* Begin PBXContainerItemProxy section */
		212F650E2D459E5D00890416 /* PBXContainerItemProxy */ = {
			isa = PBXContainerItemProxy;
			containerPortal = 212F64F52D459E5B00890416 /* Project object */;
			proxyType = 1;
			remoteGlobalIDString = 212F64FC2D459E5B00890416;
			remoteInfo = "DailyCals AI";
		};
		212F65182D459E5D00890416 /* PBXContainerItemProxy */ = {
			isa = PBXContainerItemProxy;
			containerPortal = 212F64F52D459E5B00890416 /* Project object */;
			proxyType = 1;
			remoteGlobalIDString = 212F64FC2D459E5B00890416;
			remoteInfo = "DailyCals AI";
		};
/* End PBXContainerItemProxy section */

/* Begin PBXFileReference section */
		212F64FD2D459E5B00890416 /* DailyCals AI.app */ = {isa = PBXFileReference; explicitFileType = wrapper.application; includeInIndex = 0; path = "DailyCals AI.app"; sourceTree = BUILT_PRODUCTS_DIR; };
		212F650D2D459E5D00890416 /* DailyCals AITests.xctest */ = {isa = PBXFileReference; explicitFileType = wrapper.cfbundle; includeInIndex = 0; path = "DailyCals AITests.xctest"; sourceTree = BUILT_PRODUCTS_DIR; };
		212F65172D459E5D00890416 /* DailyCals AIUITests.xctest */ = {isa = PBXFileReference; explicitFileType = wrapper.cfbundle; includeInIndex = 0; path = "DailyCals AIUITests.xctest"; sourceTree = BUILT_PRODUCTS_DIR; };
/* End PBXFileReference section */

/* Begin PBXFileSystemSynchronizedRootGroup section */
		212F64FF2D459E5B00890416 /* DailyCals AI */ = {
			isa = PBXFileSystemSynchronizedRootGroup;
			path = "DailyCals AI";
			sourceTree = "<group>";
		};
		212F65102D459E5D00890416 /* DailyCals AITests */ = {
			isa = PBXFileSystemSynchronizedRootGroup;
			path = "DailyCals AITests";
			sourceTree = "<group>";
		};
		212F651A2D459E5D00890416 /* DailyCals AIUITests */ = {
			isa = PBXFileSystemSynchronizedRootGroup;
			path = "DailyCals AIUITests";
			sourceTree = "<group>";
		};
/* End PBXFileSystemSynchronizedRootGroup section */

/* Begin PBXFrameworksBuildPhase section */
		212F64FA2D459E5B00890416 /* Frameworks */ = {
			isa = PBXFrameworksBuildPhase;
			buildActionMask = 2147483647;
			files = (
				2156A1942D46375B0070D23D /* HorizonCalendar in Frameworks */,
			);
			runOnlyForDeploymentPostprocessing = 0;
		};
		212F650A2D459E5D00890416 /* Frameworks */ = {
			isa = PBXFrameworksBuildPhase;
			buildActionMask = 2147483647;
			files = (
			);
			runOnlyForDeploymentPostprocessing = 0;
		};
		212F65142D459E5D00890416 /* Frameworks */ = {
			isa = PBXFrameworksBuildPhase;
			buildActionMask = 2147483647;
			files = (
			);
			runOnlyForDeploymentPostprocessing = 0;
		};
/* End PBXFrameworksBuildPhase section */

/* Begin PBXGroup section */
		212F64F42D459E5B00890416 = {
			isa = PBXGroup;
			children = (
				212F64FF2D459E5B00890416 /* DailyCals AI */,
				212F65102D459E5D00890416 /* DailyCals AITests */,
				212F651A2D459E5D00890416 /* DailyCals AIUITests */,
				212F64FE2D459E5B00890416 /* Products */,
			);
			sourceTree = "<group>";
		};
		212F64FE2D459E5B00890416 /* Products */ = {
			isa = PBXGroup;
			children = (
				212F64FD2D459E5B00890416 /* DailyCals AI.app */,
				212F650D2D459E5D00890416 /* DailyCals AITests.xctest */,
				212F65172D459E5D00890416 /* DailyCals AIUITests.xctest */,
			);
			name = Products;
			sourceTree = "<group>";
		};
/* End PBXGroup section */

/* Begin PBXNativeTarget section */
		212F64FC2D459E5B00890416 /* DailyCals AI */ = {
			isa = PBXNativeTarget;
			buildConfigurationList = 212F65212D459E5D00890416 /* Build configuration list for PBXNativeTarget "DailyCals AI" */;
			buildPhases = (
				212F64F92D459E5B00890416 /* Sources */,
				212F64FA2D459E5B00890416 /* Frameworks */,
				212F64FB2D459E5B00890416 /* Resources */,
			);
			buildRules = (
			);
			dependencies = (
			);
			fileSystemSynchronizedGroups = (
				212F64FF2D459E5B00890416 /* DailyCals AI */,
			);
			name = "DailyCals AI";
			packageProductDependencies = (
				2156A1932D46375B0070D23D /* HorizonCalendar */,
			);
			productName = "DailyCals AI";
			productReference = 212F64FD2D459E5B00890416 /* DailyCals AI.app */;
			productType = "com.apple.product-type.application";
		};
		212F650C2D459E5D00890416 /* DailyCals AITests */ = {
			isa = PBXNativeTarget;
			buildConfigurationList = 212F65242D459E5D00890416 /* Build configuration list for PBXNativeTarget "DailyCals AITests" */;
			buildPhases = (
				212F65092D459E5D00890416 /* Sources */,
				212F650A2D459E5D00890416 /* Frameworks */,
				212F650B2D459E5D00890416 /* Resources */,
			);
			buildRules = (
			);
			dependencies = (
				212F650F2D459E5D00890416 /* PBXTargetDependency */,
			);
			fileSystemSynchronizedGroups = (
				212F65102D459E5D00890416 /* DailyCals AITests */,
			);
			name = "DailyCals AITests";
			packageProductDependencies = (
			);
			productName = "DailyCals AITests";
			productReference = 212F650D2D459E5D00890416 /* DailyCals AITests.xctest */;
			productType = "com.apple.product-type.bundle.unit-test";
		};
		212F65162D459E5D00890416 /* DailyCals AIUITests */ = {
			isa = PBXNativeTarget;
			buildConfigurationList = 212F65272D459E5D00890416 /* Build configuration list for PBXNativeTarget "DailyCals AIUITests" */;
			buildPhases = (
				212F65132D459E5D00890416 /* Sources */,
				212F65142D459E5D00890416 /* Frameworks */,
				212F65152D459E5D00890416 /* Resources */,
			);
			buildRules = (
			);
			dependencies = (
				212F65192D459E5D00890416 /* PBXTargetDependency */,
			);
			fileSystemSynchronizedGroups = (
				212F651A2D459E5D00890416 /* DailyCals AIUITests */,
			);
			name = "DailyCals AIUITests";
			packageProductDependencies = (
			);
			productName = "DailyCals AIUITests";
			productReference = 212F65172D459E5D00890416 /* DailyCals AIUITests.xctest */;
			productType = "com.apple.product-type.bundle.ui-testing";
		};
/* End PBXNativeTarget section */

/* Begin PBXProject section */
		212F64F52D459E5B00890416 /* Project object */ = {
			isa = PBXProject;
			attributes = {
				BuildIndependentTargetsInParallel = 1;
				LastSwiftUpdateCheck = 1620;
				LastUpgradeCheck = 1620;
				TargetAttributes = {
					212F64FC2D459E5B00890416 = {
						CreatedOnToolsVersion = 16.2;
					};
					212F650C2D459E5D00890416 = {
						CreatedOnToolsVersion = 16.2;
						TestTargetID = 212F64FC2D459E5B00890416;
					};
					212F65162D459E5D00890416 = {
						CreatedOnToolsVersion = 16.2;
						TestTargetID = 212F64FC2D459E5B00890416;
					};
				};
			};
			buildConfigurationList = 212F64F82D459E5B00890416 /* Build configuration list for PBXProject "DailyCals AI" */;
			developmentRegion = en;
			hasScannedForEncodings = 0;
			knownRegions = (
				en,
				Base,
			);
			mainGroup = 212F64F42D459E5B00890416;
			minimizedProjectReferenceProxies = 1;
			packageReferences = (
				2156A1922D46375B0070D23D /* XCRemoteSwiftPackageReference "HorizonCalendar" */,
			);
			preferredProjectObjectVersion = 77;
			productRefGroup = 212F64FE2D459E5B00890416 /* Products */;
			projectDirPath = "";
			projectRoot = "";
			targets = (
				212F64FC2D459E5B00890416 /* DailyCals AI */,
				212F650C2D459E5D00890416 /* DailyCals AITests */,
				212F65162D459E5D00890416 /* DailyCals AIUITests */,
			);
		};
/* End PBXProject section */

/* Begin PBXResourcesBuildPhase section */
		212F64FB2D459E5B00890416 /* Resources */ = {
			isa = PBXResourcesBuildPhase;
			buildActionMask = 2147483647;
			files = (
			);
			runOnlyForDeploymentPostprocessing = 0;
		};
		212F650B2D459E5D00890416 /* Resources */ = {
			isa = PBXResourcesBuildPhase;
			buildActionMask = 2147483647;
			files = (
			);
			runOnlyForDeploymentPostprocessing = 0;
		};
		212F65152D459E5D00890416 /* Resources */ = {
			isa = PBXResourcesBuildPhase;
			buildActionMask = 2147483647;
			files = (
			);
			runOnlyForDeploymentPostprocessing = 0;
		};
/* End PBXResourcesBuildPhase section */

/* Begin PBXSourcesBuildPhase section */
		212F64F92D459E5B00890416 /* Sources */ = {
			isa = PBXSourcesBuildPhase;
			buildActionMask = 2147483647;
			files = (
			);
			runOnlyForDeploymentPostprocessing = 0;
		};
		212F65092D459E5D00890416 /* Sources */ = {
			isa = PBXSourcesBuildPhase;
			buildActionMask = 2147483647;
			files = (
			);
			runOnlyForDeploymentPostprocessing = 0;
		};
		212F65132D459E5D00890416 /* Sources */ = {
			isa = PBXSourcesBuildPhase;
			buildActionMask = 2147483647;
			files = (
			);
			runOnlyForDeploymentPostprocessing = 0;
		};
/* End PBXSourcesBuildPhase section */

/* Begin PBXTargetDependency section */
		212F650F2D459E5D00890416 /* PBXTargetDependency */ = {
			isa = PBXTargetDependency;
			target = 212F64FC2D459E5B00890416 /* DailyCals AI */;
			targetProxy = 212F650E2D459E5D00890416 /* PBXContainerItemProxy */;
		};
		212F65192D459E5D00890416 /* PBXTargetDependency */ = {
			isa = PBXTargetDependency;
			target = 212F64FC2D459E5B00890416 /* DailyCals AI */;
			targetProxy = 212F65182D459E5D00890416 /* PBXContainerItemProxy */;
		};
/* End PBXTargetDependency section */

/* Begin XCBuildConfiguration section */
		212F651F2D459E5D00890416 /* Debug */ = {
			isa = XCBuildConfiguration;
			buildSettings = {
				ALWAYS_SEARCH_USER_PATHS = NO;
				ASSETCATALOG_COMPILER_GENERATE_SWIFT_ASSET_SYMBOL_EXTENSIONS = YES;
				CLANG_ANALYZER_NONNULL = YES;
				CLANG_ANALYZER_NUMBER_OBJECT_CONVERSION = YES_AGGRESSIVE;
				CLANG_CXX_LANGUAGE_STANDARD = "gnu++20";
				CLANG_ENABLE_MODULES = YES;
				CLANG_ENABLE_OBJC_ARC = YES;
				CLANG_ENABLE_OBJC_WEAK = YES;
				CLANG_WARN_BLOCK_CAPTURE_AUTORELEASING = YES;
				CLANG_WARN_BOOL_CONVERSION = YES;
				CLANG_WARN_COMMA = YES;
				CLANG_WARN_CONSTANT_CONVERSION = YES;
				CLANG_WARN_DEPRECATED_OBJC_IMPLEMENTATIONS = YES;
				CLANG_WARN_DIRECT_OBJC_ISA_USAGE = YES_ERROR;
				CLANG_WARN_DOCUMENTATION_COMMENTS = YES;
				CLANG_WARN_EMPTY_BODY = YES;
				CLANG_WARN_ENUM_CONVERSION = YES;
				CLANG_WARN_INFINITE_RECURSION = YES;
				CLANG_WARN_INT_CONVERSION = YES;
				CLANG_WARN_NON_LITERAL_NULL_CONVERSION = YES;
				CLANG_WARN_OBJC_IMPLICIT_RETAIN_SELF = YES;
				CLANG_WARN_OBJC_LITERAL_CONVERSION = YES;
				CLANG_WARN_OBJC_ROOT_CLASS = YES_ERROR;
				CLANG_WARN_QUOTED_INCLUDE_IN_FRAMEWORK_HEADER = YES;
				CLANG_WARN_RANGE_LOOP_ANALYSIS = YES;
				CLANG_WARN_STRICT_PROTOTYPES = YES;
				CLANG_WARN_SUSPICIOUS_MOVE = YES;
				CLANG_WARN_UNGUARDED_AVAILABILITY = YES_AGGRESSIVE;
				CLANG_WARN_UNREACHABLE_CODE = YES;
				CLANG_WARN__DUPLICATE_METHOD_MATCH = YES;
				COPY_PHASE_STRIP = NO;
				DEBUG_INFORMATION_FORMAT = dwarf;
				ENABLE_STRICT_OBJC_MSGSEND = YES;
				ENABLE_TESTABILITY = YES;
				ENABLE_USER_SCRIPT_SANDBOXING = YES;
				GCC_C_LANGUAGE_STANDARD = gnu17;
				GCC_DYNAMIC_NO_PIC = NO;
				GCC_NO_COMMON_BLOCKS = YES;
				GCC_OPTIMIZATION_LEVEL = 0;
				GCC_PREPROCESSOR_DEFINITIONS = (
					"DEBUG=1",
					"$(inherited)",
				);
				GCC_WARN_64_TO_32_BIT_CONVERSION = YES;
				GCC_WARN_ABOUT_RETURN_TYPE = YES_ERROR;
				GCC_WARN_UNDECLARED_SELECTOR = YES;
				GCC_WARN_UNINITIALIZED_AUTOS = YES_AGGRESSIVE;
				GCC_WARN_UNUSED_FUNCTION = YES;
				GCC_WARN_UNUSED_VARIABLE = YES;
				IPHONEOS_DEPLOYMENT_TARGET = 18.2;
				LOCALIZATION_PREFERS_STRING_CATALOGS = YES;
				MTL_ENABLE_DEBUG_INFO = INCLUDE_SOURCE;
				MTL_FAST_MATH = YES;
				ONLY_ACTIVE_ARCH = YES;
				SDKROOT = iphoneos;
				SWIFT_ACTIVE_COMPILATION_CONDITIONS = "DEBUG $(inherited)";
				SWIFT_OPTIMIZATION_LEVEL = "-Onone";
			};
			name = Debug;
		};
		212F65202D459E5D00890416 /* Release */ = {
			isa = XCBuildConfiguration;
			buildSettings = {
				ALWAYS_SEARCH_USER_PATHS = NO;
				ASSETCATALOG_COMPILER_GENERATE_SWIFT_ASSET_SYMBOL_EXTENSIONS = YES;
				CLANG_ANALYZER_NONNULL = YES;
				CLANG_ANALYZER_NUMBER_OBJECT_CONVERSION = YES_AGGRESSIVE;
				CLANG_CXX_LANGUAGE_STANDARD = "gnu++20";
				CLANG_ENABLE_MODULES = YES;
				CLANG_ENABLE_OBJC_ARC = YES;
				CLANG_ENABLE_OBJC_WEAK = YES;
				CLANG_WARN_BLOCK_CAPTURE_AUTORELEASING = YES;
				CLANG_WARN_BOOL_CONVERSION = YES;
				CLANG_WARN_COMMA = YES;
				CLANG_WARN_CONSTANT_CONVERSION = YES;
				CLANG_WARN_DEPRECATED_OBJC_IMPLEMENTATIONS = YES;
				CLANG_WARN_DIRECT_OBJC_ISA_USAGE = YES_ERROR;
				CLANG_WARN_DOCUMENTATION_COMMENTS = YES;
				CLANG_WARN_EMPTY_BODY = YES;
				CLANG_WARN_ENUM_CONVERSION = YES;
				CLANG_WARN_INFINITE_RECURSION = YES;
				CLANG_WARN_INT_CONVERSION = YES;
				CLANG_WARN_NON_LITERAL_NULL_CONVERSION = YES;
				CLANG_WARN_OBJC_IMPLICIT_RETAIN_SELF = YES;
				CLANG_WARN_OBJC_LITERAL_CONVERSION = YES;
				CLANG_WARN_OBJC_ROOT_CLASS = YES_ERROR;
				CLANG_WARN_QUOTED_INCLUDE_IN_FRAMEWORK_HEADER = YES;
				CLANG_WARN_RANGE_LOOP_ANALYSIS = YES;
				CLANG_WARN_STRICT_PROTOTYPES = YES;
				CLANG_WARN_SUSPICIOUS_MOVE = YES;
				CLANG_WARN_UNGUARDED_AVAILABILITY = YES_AGGRESSIVE;
				CLANG_WARN_UNREACHABLE_CODE = YES;
				CLANG_WARN__DUPLICATE_METHOD_MATCH = YES;
				COPY_PHASE_STRIP = NO;
				DEBUG_INFORMATION_FORMAT = "dwarf-with-dsym";
				ENABLE_NS_ASSERTIONS = NO;
				ENABLE_STRICT_OBJC_MSGSEND = YES;
				ENABLE_USER_SCRIPT_SANDBOXING = YES;
				GCC_C_LANGUAGE_STANDARD = gnu17;
				GCC_NO_COMMON_BLOCKS = YES;
				GCC_WARN_64_TO_32_BIT_CONVERSION = YES;
				GCC_WARN_ABOUT_RETURN_TYPE = YES_ERROR;
				GCC_WARN_UNDECLARED_SELECTOR = YES;
				GCC_WARN_UNINITIALIZED_AUTOS = YES_AGGRESSIVE;
				GCC_WARN_UNUSED_FUNCTION = YES;
				GCC_WARN_UNUSED_VARIABLE = YES;
				IPHONEOS_DEPLOYMENT_TARGET = 18.2;
				LOCALIZATION_PREFERS_STRING_CATALOGS = YES;
				MTL_ENABLE_DEBUG_INFO = NO;
				MTL_FAST_MATH = YES;
				SDKROOT = iphoneos;
				SWIFT_COMPILATION_MODE = wholemodule;
				VALIDATE_PRODUCT = YES;
			};
			name = Release;
		};
		212F65222D459E5D00890416 /* Debug */ = {
			isa = XCBuildConfiguration;
			buildSettings = {
				ASSETCATALOG_COMPILER_APPICON_NAME = AppIcon;
				ASSETCATALOG_COMPILER_GLOBAL_ACCENT_COLOR_NAME = AccentColor;
				CODE_SIGN_STYLE = Automatic;
				CURRENT_PROJECT_VERSION = 1;
				DEVELOPMENT_ASSET_PATHS = "\"DailyCals AI/Preview Content\"";
				DEVELOPMENT_TEAM = 2BYBU8S8TW;
				ENABLE_PREVIEWS = YES;
				GENERATE_INFOPLIST_FILE = YES;
				INFOPLIST_KEY_NSCameraUsageDescription = "$(PRODUCT_NAME) requires camera access to allow you to take photos.";
				INFOPLIST_KEY_NSPhotoLibraryAddUsageDescription = "$(PRODUCT_NAME) requires photo library access to allow you to choose photos.";
				INFOPLIST_KEY_UIApplicationSceneManifest_Generation = YES;
				INFOPLIST_KEY_UIApplicationSupportsIndirectInputEvents = YES;
				INFOPLIST_KEY_UILaunchScreen_Generation = YES;
				INFOPLIST_KEY_UISupportedInterfaceOrientations_iPad = "UIInterfaceOrientationPortrait UIInterfaceOrientationPortraitUpsideDown UIInterfaceOrientationLandscapeLeft UIInterfaceOrientationLandscapeRight";
				INFOPLIST_KEY_UISupportedInterfaceOrientations_iPhone = "UIInterfaceOrientationPortrait UIInterfaceOrientationLandscapeLeft UIInterfaceOrientationLandscapeRight";
				IPHONEOS_DEPLOYMENT_TARGET = 18.0;
				LD_RUNPATH_SEARCH_PATHS = (
					"$(inherited)",
					"@executable_path/Frameworks",
				);
				MARKETING_VERSION = 1.0;
				PRODUCT_BUNDLE_IDENTIFIER = "ai.dailycals.DailyCals-AI";
				PRODUCT_NAME = "$(TARGET_NAME)";
				SWIFT_EMIT_LOC_STRINGS = YES;
				SWIFT_VERSION = 5.0;
				TARGETED_DEVICE_FAMILY = "1,2";
			};
			name = Debug;
		};
		212F65232D459E5D00890416 /* Release */ = {
			isa = XCBuildConfiguration;
			buildSettings = {
				ASSETCATALOG_COMPILER_APPICON_NAME = AppIcon;
				ASSETCATALOG_COMPILER_GLOBAL_ACCENT_COLOR_NAME = AccentColor;
				CODE_SIGN_STYLE = Automatic;
				CURRENT_PROJECT_VERSION = 1;
				DEVELOPMENT_ASSET_PATHS = "\"DailyCals AI/Preview Content\"";
				DEVELOPMENT_TEAM = 2BYBU8S8TW;
				ENABLE_PREVIEWS = YES;
				GENERATE_INFOPLIST_FILE = YES;
				INFOPLIST_KEY_NSCameraUsageDescription = "$(PRODUCT_NAME) requires camera access to allow you to take photos.";
				INFOPLIST_KEY_NSPhotoLibraryAddUsageDescription = "$(PRODUCT_NAME) requires photo library access to allow you to choose photos.";
				INFOPLIST_KEY_UIApplicationSceneManifest_Generation = YES;
				INFOPLIST_KEY_UIApplicationSupportsIndirectInputEvents = YES;
				INFOPLIST_KEY_UILaunchScreen_Generation = YES;
				INFOPLIST_KEY_UISupportedInterfaceOrientations_iPad = "UIInterfaceOrientationPortrait UIInterfaceOrientationPortraitUpsideDown UIInterfaceOrientationLandscapeLeft UIInterfaceOrientationLandscapeRight";
				INFOPLIST_KEY_UISupportedInterfaceOrientations_iPhone = "UIInterfaceOrientationPortrait UIInterfaceOrientationLandscapeLeft UIInterfaceOrientationLandscapeRight";
				IPHONEOS_DEPLOYMENT_TARGET = 18.0;
				LD_RUNPATH_SEARCH_PATHS = (
					"$(inherited)",
					"@executable_path/Frameworks",
				);
				MARKETING_VERSION = 1.0;
				PRODUCT_BUNDLE_IDENTIFIER = "ai.dailycals.DailyCals-AI";
				PRODUCT_NAME = "$(TARGET_NAME)";
				SWIFT_EMIT_LOC_STRINGS = YES;
				SWIFT_VERSION = 5.0;
				TARGETED_DEVICE_FAMILY = "1,2";
			};
			name = Release;
		};
		212F65252D459E5D00890416 /* Debug */ = {
			isa = XCBuildConfiguration;
			buildSettings = {
				BUNDLE_LOADER = "$(TEST_HOST)";
				CODE_SIGN_STYLE = Automatic;
				CURRENT_PROJECT_VERSION = 1;
				DEVELOPMENT_TEAM = 2BYBU8S8TW;
				GENERATE_INFOPLIST_FILE = YES;
				IPHONEOS_DEPLOYMENT_TARGET = 18.2;
				MARKETING_VERSION = 1.0;
				PRODUCT_BUNDLE_IDENTIFIER = "ai.dailycals.DailyCals-AITests";
				PRODUCT_NAME = "$(TARGET_NAME)";
				SWIFT_EMIT_LOC_STRINGS = NO;
				SWIFT_VERSION = 5.0;
				TARGETED_DEVICE_FAMILY = "1,2";
				TEST_HOST = "$(BUILT_PRODUCTS_DIR)/DailyCals AI.app/$(BUNDLE_EXECUTABLE_FOLDER_PATH)/DailyCals AI";
			};
			name = Debug;
		};
		212F65262D459E5D00890416 /* Release */ = {
			isa = XCBuildConfiguration;
			buildSettings = {
				BUNDLE_LOADER = "$(TEST_HOST)";
				CODE_SIGN_STYLE = Automatic;
				CURRENT_PROJECT_VERSION = 1;
				DEVELOPMENT_TEAM = 2BYBU8S8TW;
				GENERATE_INFOPLIST_FILE = YES;
				IPHONEOS_DEPLOYMENT_TARGET = 18.2;
				MARKETING_VERSION = 1.0;
				PRODUCT_BUNDLE_IDENTIFIER = "ai.dailycals.DailyCals-AITests";
				PRODUCT_NAME = "$(TARGET_NAME)";
				SWIFT_EMIT_LOC_STRINGS = NO;
				SWIFT_VERSION = 5.0;
				TARGETED_DEVICE_FAMILY = "1,2";
				TEST_HOST = "$(BUILT_PRODUCTS_DIR)/DailyCals AI.app/$(BUNDLE_EXECUTABLE_FOLDER_PATH)/DailyCals AI";
			};
			name = Release;
		};
		212F65282D459E5D00890416 /* Debug */ = {
			isa = XCBuildConfiguration;
			buildSettings = {
				CODE_SIGN_STYLE = Automatic;
				CURRENT_PROJECT_VERSION = 1;
				DEVELOPMENT_TEAM = 2BYBU8S8TW;
				GENERATE_INFOPLIST_FILE = YES;
				MARKETING_VERSION = 1.0;
				PRODUCT_BUNDLE_IDENTIFIER = "ai.dailycals.DailyCals-AIUITests";
				PRODUCT_NAME = "$(TARGET_NAME)";
				SWIFT_EMIT_LOC_STRINGS = NO;
				SWIFT_VERSION = 5.0;
				TARGETED_DEVICE_FAMILY = "1,2";
				TEST_TARGET_NAME = "DailyCals AI";
			};
			name = Debug;
		};
		212F65292D459E5D00890416 /* Release */ = {
			isa = XCBuildConfiguration;
			buildSettings = {
				CODE_SIGN_STYLE = Automatic;
				CURRENT_PROJECT_VERSION = 1;
				DEVELOPMENT_TEAM = 2BYBU8S8TW;
				GENERATE_INFOPLIST_FILE = YES;
				MARKETING_VERSION = 1.0;
				PRODUCT_BUNDLE_IDENTIFIER = "ai.dailycals.DailyCals-AIUITests";
				PRODUCT_NAME = "$(TARGET_NAME)";
				SWIFT_EMIT_LOC_STRINGS = NO;
				SWIFT_VERSION = 5.0;
				TARGETED_DEVICE_FAMILY = "1,2";
				TEST_TARGET_NAME = "DailyCals AI";
			};
			name = Release;
		};
/* End XCBuildConfiguration section */

/* Begin XCConfigurationList section */
		212F64F82D459E5B00890416 /* Build configuration list for PBXProject "DailyCals AI" */ = {
			isa = XCConfigurationList;
			buildConfigurations = (
				212F651F2D459E5D00890416 /* Debug */,
				212F65202D459E5D00890416 /* Release */,
			);
			defaultConfigurationIsVisible = 0;
			defaultConfigurationName = Release;
		};
		212F65212D459E5D00890416 /* Build configuration list for PBXNativeTarget "DailyCals AI" */ = {
			isa = XCConfigurationList;
			buildConfigurations = (
				212F65222D459E5D00890416 /* Debug */,
				212F65232D459E5D00890416 /* Release */,
			);
			defaultConfigurationIsVisible = 0;
			defaultConfigurationName = Release;
		};
		212F65242D459E5D00890416 /* Build configuration list for PBXNativeTarget "DailyCals AITests" */ = {
			isa = XCConfigurationList;
			buildConfigurations = (
				212F65252D459E5D00890416 /* Debug */,
				212F65262D459E5D00890416 /* Release */,
			);
			defaultConfigurationIsVisible = 0;
			defaultConfigurationName = Release;
		};
		212F65272D459E5D00890416 /* Build configuration list for PBXNativeTarget "DailyCals AIUITests" */ = {
			isa = XCConfigurationList;
			buildConfigurations = (
				212F65282D459E5D00890416 /* Debug */,
				212F65292D459E5D00890416 /* Release */,
			);
			defaultConfigurationIsVisible = 0;
			defaultConfigurationName = Release;
		};
/* End XCConfigurationList section */

/* Begin XCRemoteSwiftPackageReference section */
		2156A1922D46375B0070D23D /* XCRemoteSwiftPackageReference "HorizonCalendar" */ = {
			isa = XCRemoteSwiftPackageReference;
			repositoryURL = "https://github.com/airbnb/HorizonCalendar";
			requirement = {
				branch = master;
				kind = branch;
			};
		};
/* End XCRemoteSwiftPackageReference section */

/* Begin XCSwiftPackageProductDependency section */
		2156A1932D46375B0070D23D /* HorizonCalendar */ = {
			isa = XCSwiftPackageProductDependency;
			package = 2156A1922D46375B0070D23D /* XCRemoteSwiftPackageReference "HorizonCalendar" */;
			productName = HorizonCalendar;
		};
/* End XCSwiftPackageProductDependency section */
	};
	rootObject = 212F64F52D459E5B00890416 /* Project object */;
}
